// !$*UTF8*$!
{
	archiveVersion = 1;
	classes = {
	};
	objectVersion = 56;
	objects = {

/* Begin PBXBuildFile section */
		822FC3702AF3AD1B00366573 /* AppDelegate.swift in Sources */ = {isa = PBXBuildFile; fileRef = 822FC36F2AF3AD1B00366573 /* AppDelegate.swift */; };
		822FC3722AF3AD1B00366573 /* SceneDelegate.swift in Sources */ = {isa = PBXBuildFile; fileRef = 822FC3712AF3AD1B00366573 /* SceneDelegate.swift */; };
		822FC3742AF3AD1B00366573 /* ViewController.swift in Sources */ = {isa = PBXBuildFile; fileRef = 822FC3732AF3AD1B00366573 /* ViewController.swift */; };
		822FC3772AF3AD1B00366573 /* Main.storyboard in Resources */ = {isa = PBXBuildFile; fileRef = 822FC3752AF3AD1B00366573 /* Main.storyboard */; };
		822FC3792AF3AD1D00366573 /* Assets.xcassets in Resources */ = {isa = PBXBuildFile; fileRef = 822FC3782AF3AD1D00366573 /* Assets.xcassets */; };
		822FC37C2AF3AD1D00366573 /* LaunchScreen.storyboard in Resources */ = {isa = PBXBuildFile; fileRef = 822FC37A2AF3AD1D00366573 /* LaunchScreen.storyboard */; };
		822FC3872AF3AD1D00366573 /* MeditationTests.swift in Sources */ = {isa = PBXBuildFile; fileRef = 822FC3862AF3AD1D00366573 /* MeditationTests.swift */; };
		822FC3912AF3AD1D00366573 /* MeditationUITests.swift in Sources */ = {isa = PBXBuildFile; fileRef = 822FC3902AF3AD1D00366573 /* MeditationUITests.swift */; };
		822FC3932AF3AD1E00366573 /* MeditationUITestsLaunchTests.swift in Sources */ = {isa = PBXBuildFile; fileRef = 822FC3922AF3AD1E00366573 /* MeditationUITestsLaunchTests.swift */; };
		822FC3A12AF3ADB600366573 /* ActivityRoutineCollectionViewCell.swift in Sources */ = {isa = PBXBuildFile; fileRef = 822FC39F2AF3ADB600366573 /* ActivityRoutineCollectionViewCell.swift */; };
		822FC3A22AF3ADB600366573 /* ActivityRoutineCollectionViewCell.xib in Resources */ = {isa = PBXBuildFile; fileRef = 822FC3A02AF3ADB600366573 /* ActivityRoutineCollectionViewCell.xib */; };
		828A18C02AF4122F00BB117C /* viewModel.swift in Sources */ = {isa = PBXBuildFile; fileRef = 828A18BF2AF4122F00BB117C /* viewModel.swift */; };
/* End PBXBuildFile section */

/* Begin PBXContainerItemProxy section */
		822FC3832AF3AD1D00366573 /* PBXContainerItemProxy */ = {
			isa = PBXContainerItemProxy;
			containerPortal = 822FC3642AF3AD1B00366573 /* Project object */;
			proxyType = 1;
			remoteGlobalIDString = 822FC36B2AF3AD1B00366573;
			remoteInfo = Meditation;
		};
		822FC38D2AF3AD1D00366573 /* PBXContainerItemProxy */ = {
			isa = PBXContainerItemProxy;
			containerPortal = 822FC3642AF3AD1B00366573 /* Project object */;
			proxyType = 1;
			remoteGlobalIDString = 822FC36B2AF3AD1B00366573;
			remoteInfo = Meditation;
		};
/* End PBXContainerItemProxy section */

/* Begin PBXFileReference section */
		822FC36C2AF3AD1B00366573 /* Meditation.app */ = {isa = PBXFileReference; explicitFileType = wrapper.application; includeInIndex = 0; path = Meditation.app; sourceTree = BUILT_PRODUCTS_DIR; };
		822FC36F2AF3AD1B00366573 /* AppDelegate.swift */ = {isa = PBXFileReference; lastKnownFileType = sourcecode.swift; path = AppDelegate.swift; sourceTree = "<group>"; };
		822FC3712AF3AD1B00366573 /* SceneDelegate.swift */ = {isa = PBXFileReference; lastKnownFileType = sourcecode.swift; path = SceneDelegate.swift; sourceTree = "<group>"; };
		822FC3732AF3AD1B00366573 /* ViewController.swift */ = {isa = PBXFileReference; lastKnownFileType = sourcecode.swift; path = ViewController.swift; sourceTree = "<group>"; };
		822FC3762AF3AD1B00366573 /* Base */ = {isa = PBXFileReference; lastKnownFileType = file.storyboard; name = Base; path = Base.lproj/Main.storyboard; sourceTree = "<group>"; };
		822FC3782AF3AD1D00366573 /* Assets.xcassets */ = {isa = PBXFileReference; lastKnownFileType = folder.assetcatalog; path = Assets.xcassets; sourceTree = "<group>"; };
		822FC37B2AF3AD1D00366573 /* Base */ = {isa = PBXFileReference; lastKnownFileType = file.storyboard; name = Base; path = Base.lproj/LaunchScreen.storyboard; sourceTree = "<group>"; };
		822FC37D2AF3AD1D00366573 /* Info.plist */ = {isa = PBXFileReference; lastKnownFileType = text.plist.xml; path = Info.plist; sourceTree = "<group>"; };
		822FC3822AF3AD1D00366573 /* MeditationTests.xctest */ = {isa = PBXFileReference; explicitFileType = wrapper.cfbundle; includeInIndex = 0; path = MeditationTests.xctest; sourceTree = BUILT_PRODUCTS_DIR; };
		822FC3862AF3AD1D00366573 /* MeditationTests.swift */ = {isa = PBXFileReference; lastKnownFileType = sourcecode.swift; path = MeditationTests.swift; sourceTree = "<group>"; };
		822FC38C2AF3AD1D00366573 /* MeditationUITests.xctest */ = {isa = PBXFileReference; explicitFileType = wrapper.cfbundle; includeInIndex = 0; path = MeditationUITests.xctest; sourceTree = BUILT_PRODUCTS_DIR; };
		822FC3902AF3AD1D00366573 /* MeditationUITests.swift */ = {isa = PBXFileReference; lastKnownFileType = sourcecode.swift; path = MeditationUITests.swift; sourceTree = "<group>"; };
		822FC3922AF3AD1E00366573 /* MeditationUITestsLaunchTests.swift */ = {isa = PBXFileReference; lastKnownFileType = sourcecode.swift; path = MeditationUITestsLaunchTests.swift; sourceTree = "<group>"; };
		822FC39F2AF3ADB600366573 /* ActivityRoutineCollectionViewCell.swift */ = {isa = PBXFileReference; lastKnownFileType = sourcecode.swift; path = ActivityRoutineCollectionViewCell.swift; sourceTree = "<group>"; };
		822FC3A02AF3ADB600366573 /* ActivityRoutineCollectionViewCell.xib */ = {isa = PBXFileReference; lastKnownFileType = file.xib; path = ActivityRoutineCollectionViewCell.xib; sourceTree = "<group>"; };
		828A18BF2AF4122F00BB117C /* viewModel.swift */ = {isa = PBXFileReference; lastKnownFileType = sourcecode.swift; path = viewModel.swift; sourceTree = "<group>"; };
/* End PBXFileReference section */

/* Begin PBXFrameworksBuildPhase section */
		822FC3692AF3AD1B00366573 /* Frameworks */ = {
			isa = PBXFrameworksBuildPhase;
			buildActionMask = 2147483647;
			files = (
			);
			runOnlyForDeploymentPostprocessing = 0;
		};
		822FC37F2AF3AD1D00366573 /* Frameworks */ = {
			isa = PBXFrameworksBuildPhase;
			buildActionMask = 2147483647;
			files = (
			);
			runOnlyForDeploymentPostprocessing = 0;
		};
		822FC3892AF3AD1D00366573 /* Frameworks */ = {
			isa = PBXFrameworksBuildPhase;
			buildActionMask = 2147483647;
			files = (
			);
			runOnlyForDeploymentPostprocessing = 0;
		};
/* End PBXFrameworksBuildPhase section */

/* Begin PBXGroup section */
		822FC3632AF3AD1B00366573 = {
			isa = PBXGroup;
			children = (
				822FC36E2AF3AD1B00366573 /* Meditation */,
				822FC3852AF3AD1D00366573 /* MeditationTests */,
				822FC38F2AF3AD1D00366573 /* MeditationUITests */,
				822FC36D2AF3AD1B00366573 /* Products */,
			);
			sourceTree = "<group>";
		};
		822FC36D2AF3AD1B00366573 /* Products */ = {
			isa = PBXGroup;
			children = (
				822FC36C2AF3AD1B00366573 /* Meditation.app */,
				822FC3822AF3AD1D00366573 /* MeditationTests.xctest */,
				822FC38C2AF3AD1D00366573 /* MeditationUITests.xctest */,
			);
			name = Products;
			sourceTree = "<group>";
		};
		822FC36E2AF3AD1B00366573 /* Meditation */ = {
			isa = PBXGroup;
			children = (
				822FC36F2AF3AD1B00366573 /* AppDelegate.swift */,
				822FC3712AF3AD1B00366573 /* SceneDelegate.swift */,
				822FC3732AF3AD1B00366573 /* ViewController.swift */,
				828A18C12AF4181600BB117C /* CollectionViewCell */,
				828A18BE2AF4120700BB117C /* ViewModel */,
				822FC3752AF3AD1B00366573 /* Main.storyboard */,
				822FC3782AF3AD1D00366573 /* Assets.xcassets */,
				822FC37A2AF3AD1D00366573 /* LaunchScreen.storyboard */,
				822FC37D2AF3AD1D00366573 /* Info.plist */,
			);
			path = Meditation;
			sourceTree = "<group>";
		};
		822FC3852AF3AD1D00366573 /* MeditationTests */ = {
			isa = PBXGroup;
			children = (
				822FC3862AF3AD1D00366573 /* MeditationTests.swift */,
			);
			path = MeditationTests;
			sourceTree = "<group>";
		};
		822FC38F2AF3AD1D00366573 /* MeditationUITests */ = {
			isa = PBXGroup;
			children = (
				822FC3902AF3AD1D00366573 /* MeditationUITests.swift */,
				822FC3922AF3AD1E00366573 /* MeditationUITestsLaunchTests.swift */,
			);
			path = MeditationUITests;
			sourceTree = "<group>";
		};
		828A18BE2AF4120700BB117C /* ViewModel */ = {
			isa = PBXGroup;
			children = (
				828A18BF2AF4122F00BB117C /* viewModel.swift */,
			);
			path = ViewModel;
			sourceTree = "<group>";
		};
		828A18C12AF4181600BB117C /* CollectionViewCell */ = {
			isa = PBXGroup;
			children = (
				822FC39F2AF3ADB600366573 /* ActivityRoutineCollectionViewCell.swift */,
				822FC3A02AF3ADB600366573 /* ActivityRoutineCollectionViewCell.xib */,
			);
			path = CollectionViewCell;
			sourceTree = "<group>";
		};
/* End PBXGroup section */

/* Begin PBXNativeTarget section */
		822FC36B2AF3AD1B00366573 /* Meditation */ = {
			isa = PBXNativeTarget;
			buildConfigurationList = 822FC3962AF3AD1E00366573 /* Build configuration list for PBXNativeTarget "Meditation" */;
			buildPhases = (
				822FC3682AF3AD1B00366573 /* Sources */,
				822FC3692AF3AD1B00366573 /* Frameworks */,
				822FC36A2AF3AD1B00366573 /* Resources */,
			);
			buildRules = (
			);
			dependencies = (
			);
			name = Meditation;
			productName = Meditation;
			productReference = 822FC36C2AF3AD1B00366573 /* Meditation.app */;
			productType = "com.apple.product-type.application";
		};
		822FC3812AF3AD1D00366573 /* MeditationTests */ = {
			isa = PBXNativeTarget;
			buildConfigurationList = 822FC3992AF3AD1E00366573 /* Build configuration list for PBXNativeTarget "MeditationTests" */;
			buildPhases = (
				822FC37E2AF3AD1D00366573 /* Sources */,
				822FC37F2AF3AD1D00366573 /* Frameworks */,
				822FC3802AF3AD1D00366573 /* Resources */,
			);
			buildRules = (
			);
			dependencies = (
				822FC3842AF3AD1D00366573 /* PBXTargetDependency */,
			);
			name = MeditationTests;
			productName = MeditationTests;
			productReference = 822FC3822AF3AD1D00366573 /* MeditationTests.xctest */;
			productType = "com.apple.product-type.bundle.unit-test";
		};
		822FC38B2AF3AD1D00366573 /* MeditationUITests */ = {
			isa = PBXNativeTarget;
			buildConfigurationList = 822FC39C2AF3AD1E00366573 /* Build configuration list for PBXNativeTarget "MeditationUITests" */;
			buildPhases = (
				822FC3882AF3AD1D00366573 /* Sources */,
				822FC3892AF3AD1D00366573 /* Frameworks */,
				822FC38A2AF3AD1D00366573 /* Resources */,
			);
			buildRules = (
			);
			dependencies = (
				822FC38E2AF3AD1D00366573 /* PBXTargetDependency */,
			);
			name = MeditationUITests;
			productName = MeditationUITests;
			productReference = 822FC38C2AF3AD1D00366573 /* MeditationUITests.xctest */;
			productType = "com.apple.product-type.bundle.ui-testing";
		};
/* End PBXNativeTarget section */

/* Begin PBXProject section */
		822FC3642AF3AD1B00366573 /* Project object */ = {
			isa = PBXProject;
			attributes = {
				BuildIndependentTargetsInParallel = 1;
				LastSwiftUpdateCheck = 1500;
				LastUpgradeCheck = 1500;
				TargetAttributes = {
					822FC36B2AF3AD1B00366573 = {
						CreatedOnToolsVersion = 15.0;
					};
					822FC3812AF3AD1D00366573 = {
						CreatedOnToolsVersion = 15.0;
						TestTargetID = 822FC36B2AF3AD1B00366573;
					};
					822FC38B2AF3AD1D00366573 = {
						CreatedOnToolsVersion = 15.0;
						TestTargetID = 822FC36B2AF3AD1B00366573;
					};
				};
			};
			buildConfigurationList = 822FC3672AF3AD1B00366573 /* Build configuration list for PBXProject "Meditation" */;
			compatibilityVersion = "Xcode 14.0";
			developmentRegion = en;
			hasScannedForEncodings = 0;
			knownRegions = (
				en,
				Base,
			);
			mainGroup = 822FC3632AF3AD1B00366573;
			productRefGroup = 822FC36D2AF3AD1B00366573 /* Products */;
			projectDirPath = "";
			projectRoot = "";
			targets = (
				822FC36B2AF3AD1B00366573 /* Meditation */,
				822FC3812AF3AD1D00366573 /* MeditationTests */,
				822FC38B2AF3AD1D00366573 /* MeditationUITests */,
			);
		};
/* End PBXProject section */

/* Begin PBXResourcesBuildPhase section */
		822FC36A2AF3AD1B00366573 /* Resources */ = {
			isa = PBXResourcesBuildPhase;
			buildActionMask = 2147483647;
			files = (
				822FC3A22AF3ADB600366573 /* ActivityRoutineCollectionViewCell.xib in Resources */,
				822FC37C2AF3AD1D00366573 /* LaunchScreen.storyboard in Resources */,
				822FC3792AF3AD1D00366573 /* Assets.xcassets in Resources */,
				822FC3772AF3AD1B00366573 /* Main.storyboard in Resources */,
			);
			runOnlyForDeploymentPostprocessing = 0;
		};
		822FC3802AF3AD1D00366573 /* Resources */ = {
			isa = PBXResourcesBuildPhase;
			buildActionMask = 2147483647;
			files = (
			);
			runOnlyForDeploymentPostprocessing = 0;
		};
		822FC38A2AF3AD1D00366573 /* Resources */ = {
			isa = PBXResourcesBuildPhase;
			buildActionMask = 2147483647;
			files = (
			);
			runOnlyForDeploymentPostprocessing = 0;
		};
/* End PBXResourcesBuildPhase section */

/* Begin PBXSourcesBuildPhase section */
		822FC3682AF3AD1B00366573 /* Sources */ = {
			isa = PBXSourcesBuildPhase;
			buildActionMask = 2147483647;
			files = (
				822FC3A12AF3ADB600366573 /* ActivityRoutineCollectionViewCell.swift in Sources */,
				822FC3742AF3AD1B00366573 /* ViewController.swift in Sources */,
				822FC3702AF3AD1B00366573 /* AppDelegate.swift in Sources */,
				828A18C02AF4122F00BB117C /* viewModel.swift in Sources */,
				822FC3722AF3AD1B00366573 /* SceneDelegate.swift in Sources */,
			);
			runOnlyForDeploymentPostprocessing = 0;
		};
		822FC37E2AF3AD1D00366573 /* Sources */ = {
			isa = PBXSourcesBuildPhase;
			buildActionMask = 2147483647;
			files = (
				822FC3872AF3AD1D00366573 /* MeditationTests.swift in Sources */,
			);
			runOnlyForDeploymentPostprocessing = 0;
		};
		822FC3882AF3AD1D00366573 /* Sources */ = {
			isa = PBXSourcesBuildPhase;
			buildActionMask = 2147483647;
			files = (
				822FC3932AF3AD1E00366573 /* MeditationUITestsLaunchTests.swift in Sources */,
				822FC3912AF3AD1D00366573 /* MeditationUITests.swift in Sources */,
			);
			runOnlyForDeploymentPostprocessing = 0;
		};
/* End PBXSourcesBuildPhase section */

/* Begin PBXTargetDependency section */
		822FC3842AF3AD1D00366573 /* PBXTargetDependency */ = {
			isa = PBXTargetDependency;
			target = 822FC36B2AF3AD1B00366573 /* Meditation */;
			targetProxy = 822FC3832AF3AD1D00366573 /* PBXContainerItemProxy */;
		};
		822FC38E2AF3AD1D00366573 /* PBXTargetDependency */ = {
			isa = PBXTargetDependency;
			target = 822FC36B2AF3AD1B00366573 /* Meditation */;
			targetProxy = 822FC38D2AF3AD1D00366573 /* PBXContainerItemProxy */;
		};
/* End PBXTargetDependency section */

/* Begin PBXVariantGroup section */
		822FC3752AF3AD1B00366573 /* Main.storyboard */ = {
			isa = PBXVariantGroup;
			children = (
				822FC3762AF3AD1B00366573 /* Base */,
			);
			name = Main.storyboard;
			sourceTree = "<group>";
		};
		822FC37A2AF3AD1D00366573 /* LaunchScreen.storyboard */ = {
			isa = PBXVariantGroup;
			children = (
				822FC37B2AF3AD1D00366573 /* Base */,
			);
			name = LaunchScreen.storyboard;
			sourceTree = "<group>";
		};
/* End PBXVariantGroup section */

/* Begin XCBuildConfiguration section */
		822FC3942AF3AD1E00366573 /* Debug */ = {
			isa = XCBuildConfiguration;
			buildSettings = {
				ALWAYS_SEARCH_USER_PATHS = NO;
				ASSETCATALOG_COMPILER_GENERATE_SWIFT_ASSET_SYMBOL_EXTENSIONS = YES;
				CLANG_ANALYZER_NONNULL = YES;
				CLANG_ANALYZER_NUMBER_OBJECT_CONVERSION = YES_AGGRESSIVE;
				CLANG_CXX_LANGUAGE_STANDARD = "gnu++20";
				CLANG_ENABLE_MODULES = YES;
				CLANG_ENABLE_OBJC_ARC = YES;
				CLANG_ENABLE_OBJC_WEAK = YES;
				CLANG_WARN_BLOCK_CAPTURE_AUTORELEASING = YES;
				CLANG_WARN_BOOL_CONVERSION = YES;
				CLANG_WARN_COMMA = YES;
				CLANG_WARN_CONSTANT_CONVERSION = YES;
				CLANG_WARN_DEPRECATED_OBJC_IMPLEMENTATIONS = YES;
				CLANG_WARN_DIRECT_OBJC_ISA_USAGE = YES_ERROR;
				CLANG_WARN_DOCUMENTATION_COMMENTS = YES;
				CLANG_WARN_EMPTY_BODY = YES;
				CLANG_WARN_ENUM_CONVERSION = YES;
				CLANG_WARN_INFINITE_RECURSION = YES;
				CLANG_WARN_INT_CONVERSION = YES;
				CLANG_WARN_NON_LITERAL_NULL_CONVERSION = YES;
				CLANG_WARN_OBJC_IMPLICIT_RETAIN_SELF = YES;
				CLANG_WARN_OBJC_LITERAL_CONVERSION = YES;
				CLANG_WARN_OBJC_ROOT_CLASS = YES_ERROR;
				CLANG_WARN_QUOTED_INCLUDE_IN_FRAMEWORK_HEADER = YES;
				CLANG_WARN_RANGE_LOOP_ANALYSIS = YES;
				CLANG_WARN_STRICT_PROTOTYPES = YES;
				CLANG_WARN_SUSPICIOUS_MOVE = YES;
				CLANG_WARN_UNGUARDED_AVAILABILITY = YES_AGGRESSIVE;
				CLANG_WARN_UNREACHABLE_CODE = YES;
				CLANG_WARN__DUPLICATE_METHOD_MATCH = YES;
				COPY_PHASE_STRIP = NO;
				DEBUG_INFORMATION_FORMAT = dwarf;
				ENABLE_STRICT_OBJC_MSGSEND = YES;
				ENABLE_TESTABILITY = YES;
				ENABLE_USER_SCRIPT_SANDBOXING = YES;
				GCC_C_LANGUAGE_STANDARD = gnu17;
				GCC_DYNAMIC_NO_PIC = NO;
				GCC_NO_COMMON_BLOCKS = YES;
				GCC_OPTIMIZATION_LEVEL = 0;
				GCC_PREPROCESSOR_DEFINITIONS = (
					"DEBUG=1",
					"$(inherited)",
				);
				GCC_WARN_64_TO_32_BIT_CONVERSION = YES;
				GCC_WARN_ABOUT_RETURN_TYPE = YES_ERROR;
				GCC_WARN_UNDECLARED_SELECTOR = YES;
				GCC_WARN_UNINITIALIZED_AUTOS = YES_AGGRESSIVE;
				GCC_WARN_UNUSED_FUNCTION = YES;
				GCC_WARN_UNUSED_VARIABLE = YES;
				IPHONEOS_DEPLOYMENT_TARGET = 17.0;
				LOCALIZATION_PREFERS_STRING_CATALOGS = YES;
				MTL_ENABLE_DEBUG_INFO = INCLUDE_SOURCE;
				MTL_FAST_MATH = YES;
				ONLY_ACTIVE_ARCH = YES;
				SDKROOT = iphoneos;
				SWIFT_ACTIVE_COMPILATION_CONDITIONS = "DEBUG $(inherited)";
				SWIFT_OPTIMIZATION_LEVEL = "-Onone";
			};
			name = Debug;
		};
		822FC3952AF3AD1E00366573 /* Release */ = {
			isa = XCBuildConfiguration;
			buildSettings = {
				ALWAYS_SEARCH_USER_PATHS = NO;
				ASSETCATALOG_COMPILER_GENERATE_SWIFT_ASSET_SYMBOL_EXTENSIONS = YES;
				CLANG_ANALYZER_NONNULL = YES;
				CLANG_ANALYZER_NUMBER_OBJECT_CONVERSION = YES_AGGRESSIVE;
				CLANG_CXX_LANGUAGE_STANDARD = "gnu++20";
				CLANG_ENABLE_MODULES = YES;
				CLANG_ENABLE_OBJC_ARC = YES;
				CLANG_ENABLE_OBJC_WEAK = YES;
				CLANG_WARN_BLOCK_CAPTURE_AUTORELEASING = YES;
				CLANG_WARN_BOOL_CONVERSION = YES;
				CLANG_WARN_COMMA = YES;
				CLANG_WARN_CONSTANT_CONVERSION = YES;
				CLANG_WARN_DEPRECATED_OBJC_IMPLEMENTATIONS = YES;
				CLANG_WARN_DIRECT_OBJC_ISA_USAGE = YES_ERROR;
				CLANG_WARN_DOCUMENTATION_COMMENTS = YES;
				CLANG_WARN_EMPTY_BODY = YES;
				CLANG_WARN_ENUM_CONVERSION = YES;
				CLANG_WARN_INFINITE_RECURSION = YES;
				CLANG_WARN_INT_CONVERSION = YES;
				CLANG_WARN_NON_LITERAL_NULL_CONVERSION = YES;
				CLANG_WARN_OBJC_IMPLICIT_RETAIN_SELF = YES;
				CLANG_WARN_OBJC_LITERAL_CONVERSION = YES;
				CLANG_WARN_OBJC_ROOT_CLASS = YES_ERROR;
				CLANG_WARN_QUOTED_INCLUDE_IN_FRAMEWORK_HEADER = YES;
				CLANG_WARN_RANGE_LOOP_ANALYSIS = YES;
				CLANG_WARN_STRICT_PROTOTYPES = YES;
				CLANG_WARN_SUSPICIOUS_MOVE = YES;
				CLANG_WARN_UNGUARDED_AVAILABILITY = YES_AGGRESSIVE;
				CLANG_WARN_UNREACHABLE_CODE = YES;
				CLANG_WARN__DUPLICATE_METHOD_MATCH = YES;
				COPY_PHASE_STRIP = NO;
				DEBUG_INFORMATION_FORMAT = "dwarf-with-dsym";
				ENABLE_NS_ASSERTIONS = NO;
				ENABLE_STRICT_OBJC_MSGSEND = YES;
				ENABLE_USER_SCRIPT_SANDBOXING = YES;
				GCC_C_LANGUAGE_STANDARD = gnu17;
				GCC_NO_COMMON_BLOCKS = YES;
				GCC_WARN_64_TO_32_BIT_CONVERSION = YES;
				GCC_WARN_ABOUT_RETURN_TYPE = YES_ERROR;
				GCC_WARN_UNDECLARED_SELECTOR = YES;
				GCC_WARN_UNINITIALIZED_AUTOS = YES_AGGRESSIVE;
				GCC_WARN_UNUSED_FUNCTION = YES;
				GCC_WARN_UNUSED_VARIABLE = YES;
				IPHONEOS_DEPLOYMENT_TARGET = 17.0;
				LOCALIZATION_PREFERS_STRING_CATALOGS = YES;
				MTL_ENABLE_DEBUG_INFO = NO;
				MTL_FAST_MATH = YES;
				SDKROOT = iphoneos;
				SWIFT_COMPILATION_MODE = wholemodule;
				VALIDATE_PRODUCT = YES;
			};
			name = Release;
		};
		822FC3972AF3AD1E00366573 /* Debug */ = {
			isa = XCBuildConfiguration;
			buildSettings = {
				ASSETCATALOG_COMPILER_APPICON_NAME = AppIcon;
				ASSETCATALOG_COMPILER_GLOBAL_ACCENT_COLOR_NAME = AccentColor;
				CODE_SIGN_STYLE = Automatic;
				CURRENT_PROJECT_VERSION = 1;
				GENERATE_INFOPLIST_FILE = YES;
				INFOPLIST_FILE = Meditation/Info.plist;
				INFOPLIST_KEY_UIApplicationSupportsIndirectInputEvents = YES;
				INFOPLIST_KEY_UILaunchStoryboardName = LaunchScreen;
				INFOPLIST_KEY_UIMainStoryboardFile = Main;
				INFOPLIST_KEY_UISupportedInterfaceOrientations_iPad = "UIInterfaceOrientationPortrait UIInterfaceOrientationPortraitUpsideDown UIInterfaceOrientationLandscapeLeft UIInterfaceOrientationLandscapeRight";
				INFOPLIST_KEY_UISupportedInterfaceOrientations_iPhone = "UIInterfaceOrientationPortrait UIInterfaceOrientationLandscapeLeft UIInterfaceOrientationLandscapeRight";
				IPHONEOS_DEPLOYMENT_TARGET = 15.2;
				LD_RUNPATH_SEARCH_PATHS = (
					"$(inherited)",
					"@executable_path/Frameworks",
				);
				MARKETING_VERSION = 1.0;
				PRODUCT_BUNDLE_IDENTIFIER = com.somnath.Meditation;
				PRODUCT_NAME = "$(TARGET_NAME)";
				SWIFT_EMIT_LOC_STRINGS = YES;
				SWIFT_VERSION = 5.0;
				TARGETED_DEVICE_FAMILY = "1,2";
			};
			name = Debug;
		};
		822FC3982AF3AD1E00366573 /* Release */ = {
			isa = XCBuildConfiguration;
			buildSettings = {
				ASSETCATALOG_COMPILER_APPICON_NAME = AppIcon;
				ASSETCATALOG_COMPILER_GLOBAL_ACCENT_COLOR_NAME = AccentColor;
				CODE_SIGN_STYLE = Automatic;
				CURRENT_PROJECT_VERSION = 1;
				GENERATE_INFOPLIST_FILE = YES;
				INFOPLIST_FILE = Meditation/Info.plist;
				INFOPLIST_KEY_UIApplicationSupportsIndirectInputEvents = YES;
				INFOPLIST_KEY_UILaunchStoryboardName = LaunchScreen;
				INFOPLIST_KEY_UIMainStoryboardFile = Main;
				INFOPLIST_KEY_UISupportedInterfaceOrientations_iPad = "UIInterfaceOrientationPortrait UIInterfaceOrientationPortraitUpsideDown UIInterfaceOrientationLandscapeLeft UIInterfaceOrientationLandscapeRight";
				INFOPLIST_KEY_UISupportedInterfaceOrientations_iPhone = "UIInterfaceOrientationPortrait UIInterfaceOrientationLandscapeLeft UIInterfaceOrientationLandscapeRight";
				IPHONEOS_DEPLOYMENT_TARGET = 15.2;
				LD_RUNPATH_SEARCH_PATHS = (
					"$(inherited)",
					"@executable_path/Frameworks",
				);
				MARKETING_VERSION = 1.0;
				PRODUCT_BUNDLE_IDENTIFIER = com.somnath.Meditation;
				PRODUCT_NAME = "$(TARGET_NAME)";
				SWIFT_EMIT_LOC_STRINGS = YES;
				SWIFT_VERSION = 5.0;
				TARGETED_DEVICE_FAMILY = "1,2";
			};
			name = Release;
		};
		822FC39A2AF3AD1E00366573 /* Debug */ = {
			isa = XCBuildConfiguration;
			buildSettings = {
				ALWAYS_EMBED_SWIFT_STANDARD_LIBRARIES = YES;
				BUNDLE_LOADER = "$(TEST_HOST)";
				CODE_SIGN_STYLE = Automatic;
				CURRENT_PROJECT_VERSION = 1;
				GENERATE_INFOPLIST_FILE = YES;
				IPHONEOS_DEPLOYMENT_TARGET = 17.0;
				MARKETING_VERSION = 1.0;
				PRODUCT_BUNDLE_IDENTIFIER = com.somnath.MeditationTests;
				PRODUCT_NAME = "$(TARGET_NAME)";
				SWIFT_EMIT_LOC_STRINGS = NO;
				SWIFT_VERSION = 5.0;
				TARGETED_DEVICE_FAMILY = "1,2";
				TEST_HOST = "$(BUILT_PRODUCTS_DIR)/Meditation.app/$(BUNDLE_EXECUTABLE_FOLDER_PATH)/Meditation";
			};
			name = Debug;
		};
		822FC39B2AF3AD1E00366573 /* Release */ = {
			isa = XCBuildConfiguration;
			buildSettings = {
				ALWAYS_EMBED_SWIFT_STANDARD_LIBRARIES = YES;
				BUNDLE_LOADER = "$(TEST_HOST)";
				CODE_SIGN_STYLE = Automatic;
				CURRENT_PROJECT_VERSION = 1;
				GENERATE_INFOPLIST_FILE = YES;
				IPHONEOS_DEPLOYMENT_TARGET = 17.0;
				MARKETING_VERSION = 1.0;
				PRODUCT_BUNDLE_IDENTIFIER = com.somnath.MeditationTests;
				PRODUCT_NAME = "$(TARGET_NAME)";
				SWIFT_EMIT_LOC_STRINGS = NO;
				SWIFT_VERSION = 5.0;
				TARGETED_DEVICE_FAMILY = "1,2";
				TEST_HOST = "$(BUILT_PRODUCTS_DIR)/Meditation.app/$(BUNDLE_EXECUTABLE_FOLDER_PATH)/Meditation";
			};
			name = Release;
		};
		822FC39D2AF3AD1E00366573 /* Debug */ = {
			isa = XCBuildConfiguration;
			buildSettings = {
				ALWAYS_EMBED_SWIFT_STANDARD_LIBRARIES = YES;
				CODE_SIGN_STYLE = Automatic;
				CURRENT_PROJECT_VERSION = 1;
				GENERATE_INFOPLIST_FILE = YES;
				MARKETING_VERSION = 1.0;
				PRODUCT_BUNDLE_IDENTIFIER = com.somnath.MeditationUITests;
				PRODUCT_NAME = "$(TARGET_NAME)";
				SWIFT_EMIT_LOC_STRINGS = NO;
				SWIFT_VERSION = 5.0;
				TARGETED_DEVICE_FAMILY = "1,2";
				TEST_TARGET_NAME = Meditation;
			};
			name = Debug;
		};
		822FC39E2AF3AD1E00366573 /* Release */ = {
			isa = XCBuildConfiguration;
			buildSettings = {
				ALWAYS_EMBED_SWIFT_STANDARD_LIBRARIES = YES;
				CODE_SIGN_STYLE = Automatic;
				CURRENT_PROJECT_VERSION = 1;
				GENERATE_INFOPLIST_FILE = YES;
				MARKETING_VERSION = 1.0;
				PRODUCT_BUNDLE_IDENTIFIER = com.somnath.MeditationUITests;
				PRODUCT_NAME = "$(TARGET_NAME)";
				SWIFT_EMIT_LOC_STRINGS = NO;
				SWIFT_VERSION = 5.0;
				TARGETED_DEVICE_FAMILY = "1,2";
				TEST_TARGET_NAME = Meditation;
			};
			name = Release;
		};
/* End XCBuildConfiguration section */

/* Begin XCConfigurationList section */
		822FC3672AF3AD1B00366573 /* Build configuration list for PBXProject "Meditation" */ = {
			isa = XCConfigurationList;
			buildConfigurations = (
				822FC3942AF3AD1E00366573 /* Debug */,
				822FC3952AF3AD1E00366573 /* Release */,
			);
			defaultConfigurationIsVisible = 0;
			defaultConfigurationName = Release;
		};
		822FC3962AF3AD1E00366573 /* Build configuration list for PBXNativeTarget "Meditation" */ = {
			isa = XCConfigurationList;
			buildConfigurations = (
				822FC3972AF3AD1E00366573 /* Debug */,
				822FC3982AF3AD1E00366573 /* Release */,
			);
			defaultConfigurationIsVisible = 0;
			defaultConfigurationName = Release;
		};
		822FC3992AF3AD1E00366573 /* Build configuration list for PBXNativeTarget "MeditationTests" */ = {
			isa = XCConfigurationList;
			buildConfigurations = (
				822FC39A2AF3AD1E00366573 /* Debug */,
				822FC39B2AF3AD1E00366573 /* Release */,
			);
			defaultConfigurationIsVisible = 0;
			defaultConfigurationName = Release;
		};
		822FC39C2AF3AD1E00366573 /* Build configuration list for PBXNativeTarget "MeditationUITests" */ = {
			isa = XCConfigurationList;
			buildConfigurations = (
				822FC39D2AF3AD1E00366573 /* Debug */,
				822FC39E2AF3AD1E00366573 /* Release */,
			);
			defaultConfigurationIsVisible = 0;
			defaultConfigurationName = Release;
		};
/* End XCConfigurationList section */
	};
	rootObject = 822FC3642AF3AD1B00366573 /* Project object */;
}
